
Microsoft Visual Studio Solution File, Format Version 12.00
# Visual Studio 15
VisualStudioVersion = 15.0.27428.2027
MinimumVisualStudioVersion = 10.0.40219.1
Project("{888888A0-9F3D-457C-B088-3A5042F75D52}") = "RenameFiles", "RenameFiles\RenameFiles.pyproj", "{73DF0407-A1F0-4570-887F-557871797FA5}"
EndProject
Project("{2150E333-8FDC-42A3-9474-1A3956D46DE8}") = "Solution Items", "Solution Items", "{BD0A821C-937F-4CF5-9590-46FB6299B0D7}"
EndProject
Global
	GlobalSection(SolutionConfigurationPlatforms) = preSolution
		Debug|Any CPU = Debug|Any CPU
		Release|Any CPU = Release|Any CPU
	EndGlobalSection
	GlobalSection(ProjectConfigurationPlatforms) = postSolution
		{73DF0407-A1F0-4570-887F-557871797FA5}.Debug|Any CPU.ActiveCfg = Debug|Any CPU
		{73DF0407-A1F0-4570-887F-557871797FA5}.Release|Any CPU.ActiveCfg = Release|Any CPU
	EndGlobalSection
	GlobalSection(SolutionProperties) = preSolution
		HideSolutionNode = FALSE
	EndGlobalSection
	GlobalSection(ExtensibilityGlobals) = postSolution
		SolutionGuid = {883BC39E-DB2C-47DD-94B1-1C3A48012B94}
	EndGlobalSection
EndGlobal
